
Microsoft Visual Studio Solution File, Format Version 12.00
# Visual Studio 15
VisualStudioVersion = 15.0.28307.1000
MinimumVisualStudioVersion = 10.0.40219.1
Project("{F184B08F-C81C-45F6-A57F-5ABD9991F28F}") = "FirstStepApp", "FirstStepApp\FirstStepApp.vbproj", "{CB9185EA-0E16-4744-B517-A9E4055C464D}"
EndProject
Global
	GlobalSection(SolutionConfigurationPlatforms) = preSolution
		Debug|x86 = Debug|x86
		Release|x86 = Release|x86
	EndGlobalSection
	GlobalSection(ProjectConfigurationPlatforms) = postSolution
		{CB9185EA-0E16-4744-B517-A9E4055C464D}.Debug|x86.ActiveCfg = Debug|x86
		{CB9185EA-0E16-4744-B517-A9E4055C464D}.Debug|x86.Build.0 = Debug|x86
		{CB9185EA-0E16-4744-B517-A9E4055C464D}.Release|x86.ActiveCfg = Release|x86
		{CB9185EA-0E16-4744-B517-A9E4055C464D}.Release|x86.Build.0 = Release|x86
	EndGlobalSection
	GlobalSection(SolutionProperties) = preSolution
		HideSolutionNode = FALSE
	EndGlobalSection
	GlobalSection(ExtensibilityGlobals) = postSolution
		SolutionGuid = {6C17E8EA-3965-4C34-BA45-5F9CE648C3CC}
	EndGlobalSection
EndGlobal
